
Microsoft Visual Studio Solution File, Format Version 12.00
# Visual Studio Version 17
VisualStudioVersion = 17.5.33530.505
MinimumVisualStudioVersion = 10.0.40219.1
Project("{FAE04EC0-301F-11D3-BF4B-00C04F79EFBC}") = "Signaturit.Judge", "Signaturit.Judge\Signaturit.Judge.csproj", "{99D2F244-0A0F-417D-8291-534EC91D3340}"
EndProject
Global
	GlobalSection(SolutionConfigurationPlatforms) = preSolution
		Debug|Any CPU = Debug|Any CPU
		Release|Any CPU = Release|Any CPU
	EndGlobalSection
	GlobalSection(ProjectConfigurationPlatforms) = postSolution
		{99D2F244-0A0F-417D-8291-534EC91D3340}.Debug|Any CPU.ActiveCfg = Debug|Any CPU
		{99D2F244-0A0F-417D-8291-534EC91D3340}.Debug|Any CPU.Build.0 = Debug|Any CPU
		{99D2F244-0A0F-417D-8291-534EC91D3340}.Release|Any CPU.ActiveCfg = Release|Any CPU
		{99D2F244-0A0F-417D-8291-534EC91D3340}.Release|Any CPU.Build.0 = Release|Any CPU
	EndGlobalSection
	GlobalSection(SolutionProperties) = preSolution
		HideSolutionNode = FALSE
	EndGlobalSection
	GlobalSection(ExtensibilityGlobals) = postSolution
		SolutionGuid = {D0FEA5FE-5934-47C0-8C37-08D6FB7A3EF6}
	EndGlobalSection
EndGlobal
